
Microsoft Visual Studio Solution File, Format Version 12.00
# Visual Studio 14
VisualStudioVersion = 14.0.24720.0
MinimumVisualStudioVersion = 10.0.40219.1
Project("{2150E333-8FDC-42A3-9474-1A3956D46DE8}") = "Solution Items", "Solution Items", "{F2BD806B-BD95-4697-9FD0-DB290BAB2F0E}"
	ProjectSection(SolutionItems) = preProject
		interface.css = interface.css
		interface.html = interface.html
		manifest.json = manifest.json
		readme.txt = readme.txt
		thillys.png = thillys.png
		todo.txt = todo.txt
	EndProjectSection
EndProject
Project("{2150E333-8FDC-42A3-9474-1A3956D46DE8}") = "CSS", "CSS", "{B840B372-38B1-4967-B1E4-6E54E1924950}"
	ProjectSection(SolutionItems) = preProject
		css\embedded.css = css\embedded.css
	EndProjectSection
EndProject
Project("{2150E333-8FDC-42A3-9474-1A3956D46DE8}") = "JS", "JS", "{EC9590E5-D2E0-4F6C-825E-6C9F14BFCFC0}"
	ProjectSection(SolutionItems) = preProject
		js\canvas.js = js\canvas.js
		js\content_script_click.js = js\content_script_click.js
		js\content_script_embed.js = js\content_script_embed.js
		js\interface.js = js\interface.js
		js\main.js = js\main.js
	EndProjectSection
EndProject
Global
	GlobalSection(SolutionProperties) = preSolution
		HideSolutionNode = FALSE
	EndGlobalSection
	GlobalSection(NestedProjects) = preSolution
		{B840B372-38B1-4967-B1E4-6E54E1924950} = {F2BD806B-BD95-4697-9FD0-DB290BAB2F0E}
		{EC9590E5-D2E0-4F6C-825E-6C9F14BFCFC0} = {F2BD806B-BD95-4697-9FD0-DB290BAB2F0E}
	EndGlobalSection
EndGlobal
